
Microsoft Visual Studio Solution File, Format Version 12.00
# Visual Studio Version 17
VisualStudioVersion = 17.0.32126.317
MinimumVisualStudioVersion = 10.0.40219.1
Project("{FAE04EC0-301F-11D3-BF4B-00C04F79EFBC}") = "FirstMVCApplication1", "FirstMVCApplication1\FirstMVCApplication1.csproj", "{66CA5C69-997C-4F33-9757-C7801631DDF4}"
EndProject
Global
	GlobalSection(SolutionConfigurationPlatforms) = preSolution
		Debug|Any CPU = Debug|Any CPU
		Release|Any CPU = Release|Any CPU
	EndGlobalSection
	GlobalSection(ProjectConfigurationPlatforms) = postSolution
		{66CA5C69-997C-4F33-9757-C7801631DDF4}.Debug|Any CPU.ActiveCfg = Debug|Any CPU
		{66CA5C69-997C-4F33-9757-C7801631DDF4}.Debug|Any CPU.Build.0 = Debug|Any CPU
		{66CA5C69-997C-4F33-9757-C7801631DDF4}.Release|Any CPU.ActiveCfg = Release|Any CPU
		{66CA5C69-997C-4F33-9757-C7801631DDF4}.Release|Any CPU.Build.0 = Release|Any CPU
	EndGlobalSection
	GlobalSection(SolutionProperties) = preSolution
		HideSolutionNode = FALSE
	EndGlobalSection
	GlobalSection(ExtensibilityGlobals) = postSolution
		SolutionGuid = {5908C247-426A-499E-B761-C3C48330F4FD}
	EndGlobalSection
EndGlobal
